github.com/Carsen/PaxxNest v0.0.0-20240806222234-632c1738d25a h1:RUx+/DsRjPnI/23LtSnSuxJslswR2WbHxmci+11bYqQ=
github.com/Carsen/PaxxNest v0.0.0-20240806222234-632c1738d25a/go.mod h1:p/+dhCJXV5L4pOT6YeqWUVcTUFgbcSmm3B/Snq47CSA=
github.com/Carsen/PaxxNest v0.0.0-20240806222919-11787d5c859c h1:5tg1PzbHQilmHzLz1ljo0WZUAKyDThiJYmh9nkltf28=
github.com/Carsen/PaxxNest v0.0.0-20240806222919-11787d5c859c/go.mod h1:p/+dhCJXV5L4pOT6YeqWUVcTUFgbcSmm3B/Snq47CSA=
github.com/Carsen/PaxxNest v0.0.0-20240806224649-93ac827655c7 h1:DCAmrobBgx4aCY+tSYB5HJOWGyTabZ+LEmEKW3xHed8=
github.com/Carsen/PaxxNest v0.0.0-20240806224649-93ac827655c7/go.mod h1:p/+dhCJXV5L4pOT6YeqWUVcTUFgbcSmm3B/Snq47CSA=
