github.com/Carsen/PaxxNest/ErrLog v0.0.0-20240806224824-bd4be98699a8 h1:gVcvHH3rUkINC4+IeyxcM24m5axWqh2CXuU923xBv4w=
github.com/Carsen/PaxxNest/ErrLog v0.0.0-20240806224824-bd4be98699a8/go.mod h1:+UUjh7xEQ0L76VUGBwmd+m+ORpLsDWDj+z1dAMp3Z8E=
github.com/Carsen/PaxxNest/Manager v0.0.0-20240807171902-bc321f68bd01 h1:slRewTrD/B+Xubnizc5L2Sz8vDY7fjkhnelyPjzBhuY=
github.com/Carsen/PaxxNest/Manager v0.0.0-20240807171902-bc321f68bd01/go.mod h1:fO1TKF9yp8LA+P0hKjN1AMFUN7hvqolMrrW4DDsEbXU=
github.com/Carsen/PaxxNest/Manager v0.0.0-20240807174351-ca8dc3163e7f h1:Q9q3j2sl4g5DRbaIpzBy3vV1AQ7tihguzIPUPAe/V24=
github.com/Carsen/PaxxNest/Manager v0.0.0-20240807174351-ca8dc3163e7f/go.mod h1:fO1TKF9yp8LA+P0hKjN1AMFUN7hvqolMrrW4DDsEbXU=
